
Microsoft Visual Studio Solution File, Format Version 11.00
# Visual Studio 2010
Project("{FAE04EC0-301F-11D3-BF4B-00C04F79EFBC}") = "3.3.2", "3.3.2\3.3.2.csproj", "{022CA9AE-E7FA-4FA8-AE28-BF9E3DFE1331}"
EndProject
Project("{FAE04EC0-301F-11D3-BF4B-00C04F79EFBC}") = "3.3.3", "3.3.3\3.3.3.csproj", "{B43E7F15-B289-4950-AEA1-B67C3159F62E}"
EndProject
Project("{FAE04EC0-301F-11D3-BF4B-00C04F79EFBC}") = "3.3.4", "3.3.4\3.3.4.csproj", "{DC911A2C-D8AF-477F-9145-EF86D5BA962E}"
EndProject
Project("{FAE04EC0-301F-11D3-BF4B-00C04F79EFBC}") = "3.3.5", "3.3.5\3.3.5.csproj", "{840AC2CE-F65C-408E-BDBC-144E43AF9FC5}"
EndProject
Project("{FAE04EC0-301F-11D3-BF4B-00C04F79EFBC}") = "3.3.6", "3.3.6\3.3.6.csproj", "{9AB759A8-1705-45C9-A967-0FF4ECD1D463}"
EndProject
Project("{FAE04EC0-301F-11D3-BF4B-00C04F79EFBC}") = "3.3.7", "3.3.7\3.3.7.csproj", "{4EA78FD9-7710-4AAA-930E-F9188E62AE19}"
EndProject
Project("{FAE04EC0-301F-11D3-BF4B-00C04F79EFBC}") = "3.3.8", "3.3.8\3.3.8.csproj", "{E48E0588-DF82-4450-9376-6DC85CEDC077}"
EndProject
Project("{FAE04EC0-301F-11D3-BF4B-00C04F79EFBC}") = "3.3.9", "3.3.9\3.3.9.csproj", "{8CF93CD0-BD89-418B-9F26-C79ECED457B9}"
EndProject
Project("{FAE04EC0-301F-11D3-BF4B-00C04F79EFBC}") = "3.4.1", "3.4.1\3.4.1.csproj", "{8CE14A6C-30C5-4403-AA1D-3B3962F3DAFC}"
EndProject
Project("{FAE04EC0-301F-11D3-BF4B-00C04F79EFBC}") = "3.4.2", "3.4.2\3.4.2.csproj", "{895B246C-E821-4A9F-A8DC-E375CBD9999E}"
EndProject
Global
	GlobalSection(SolutionConfigurationPlatforms) = preSolution
		Debug|x86 = Debug|x86
		Release|x86 = Release|x86
	EndGlobalSection
	GlobalSection(ProjectConfigurationPlatforms) = postSolution
		{022CA9AE-E7FA-4FA8-AE28-BF9E3DFE1331}.Debug|x86.ActiveCfg = Debug|x86
		{022CA9AE-E7FA-4FA8-AE28-BF9E3DFE1331}.Debug|x86.Build.0 = Debug|x86
		{022CA9AE-E7FA-4FA8-AE28-BF9E3DFE1331}.Release|x86.ActiveCfg = Release|x86
		{022CA9AE-E7FA-4FA8-AE28-BF9E3DFE1331}.Release|x86.Build.0 = Release|x86
		{B43E7F15-B289-4950-AEA1-B67C3159F62E}.Debug|x86.ActiveCfg = Debug|x86
		{B43E7F15-B289-4950-AEA1-B67C3159F62E}.Debug|x86.Build.0 = Debug|x86
		{B43E7F15-B289-4950-AEA1-B67C3159F62E}.Release|x86.ActiveCfg = Release|x86
		{B43E7F15-B289-4950-AEA1-B67C3159F62E}.Release|x86.Build.0 = Release|x86
		{DC911A2C-D8AF-477F-9145-EF86D5BA962E}.Debug|x86.ActiveCfg = Debug|x86
		{DC911A2C-D8AF-477F-9145-EF86D5BA962E}.Debug|x86.Build.0 = Debug|x86
		{DC911A2C-D8AF-477F-9145-EF86D5BA962E}.Release|x86.ActiveCfg = Release|x86
		{DC911A2C-D8AF-477F-9145-EF86D5BA962E}.Release|x86.Build.0 = Release|x86
		{840AC2CE-F65C-408E-BDBC-144E43AF9FC5}.Debug|x86.ActiveCfg = Debug|x86
		{840AC2CE-F65C-408E-BDBC-144E43AF9FC5}.Debug|x86.Build.0 = Debug|x86
		{840AC2CE-F65C-408E-BDBC-144E43AF9FC5}.Release|x86.ActiveCfg = Release|x86
		{840AC2CE-F65C-408E-BDBC-144E43AF9FC5}.Release|x86.Build.0 = Release|x86
		{9AB759A8-1705-45C9-A967-0FF4ECD1D463}.Debug|x86.ActiveCfg = Debug|x86
		{9AB759A8-1705-45C9-A967-0FF4ECD1D463}.Debug|x86.Build.0 = Debug|x86
		{9AB759A8-1705-45C9-A967-0FF4ECD1D463}.Release|x86.ActiveCfg = Release|x86
		{9AB759A8-1705-45C9-A967-0FF4ECD1D463}.Release|x86.Build.0 = Release|x86
		{4EA78FD9-7710-4AAA-930E-F9188E62AE19}.Debug|x86.ActiveCfg = Debug|x86
		{4EA78FD9-7710-4AAA-930E-F9188E62AE19}.Debug|x86.Build.0 = Debug|x86
		{4EA78FD9-7710-4AAA-930E-F9188E62AE19}.Release|x86.ActiveCfg = Release|x86
		{4EA78FD9-7710-4AAA-930E-F9188E62AE19}.Release|x86.Build.0 = Release|x86
		{E48E0588-DF82-4450-9376-6DC85CEDC077}.Debug|x86.ActiveCfg = Debug|x86
		{E48E0588-DF82-4450-9376-6DC85CEDC077}.Debug|x86.Build.0 = Debug|x86
		{E48E0588-DF82-4450-9376-6DC85CEDC077}.Release|x86.ActiveCfg = Release|x86
		{E48E0588-DF82-4450-9376-6DC85CEDC077}.Release|x86.Build.0 = Release|x86
		{8CF93CD0-BD89-418B-9F26-C79ECED457B9}.Debug|x86.ActiveCfg = Debug|x86
		{8CF93CD0-BD89-418B-9F26-C79ECED457B9}.Debug|x86.Build.0 = Debug|x86
		{8CF93CD0-BD89-418B-9F26-C79ECED457B9}.Release|x86.ActiveCfg = Release|x86
		{8CF93CD0-BD89-418B-9F26-C79ECED457B9}.Release|x86.Build.0 = Release|x86
		{8CE14A6C-30C5-4403-AA1D-3B3962F3DAFC}.Debug|x86.ActiveCfg = Debug|x86
		{8CE14A6C-30C5-4403-AA1D-3B3962F3DAFC}.Debug|x86.Build.0 = Debug|x86
		{8CE14A6C-30C5-4403-AA1D-3B3962F3DAFC}.Release|x86.ActiveCfg = Release|x86
		{8CE14A6C-30C5-4403-AA1D-3B3962F3DAFC}.Release|x86.Build.0 = Release|x86
		{895B246C-E821-4A9F-A8DC-E375CBD9999E}.Debug|x86.ActiveCfg = Debug|x86
		{895B246C-E821-4A9F-A8DC-E375CBD9999E}.Debug|x86.Build.0 = Debug|x86
		{895B246C-E821-4A9F-A8DC-E375CBD9999E}.Release|x86.ActiveCfg = Release|x86
		{895B246C-E821-4A9F-A8DC-E375CBD9999E}.Release|x86.Build.0 = Release|x86
	EndGlobalSection
	GlobalSection(SolutionProperties) = preSolution
		HideSolutionNode = FALSE
	EndGlobalSection
EndGlobal
